
Microsoft Visual Studio Solution File, Format Version 12.00
Project("{FAE04EC0-301F-11D3-BF4B-00C04F79EFBC}") = "matterai.TerminalApp", "matterai.TerminalApp\matterai.TerminalApp.csproj", "{00512351-DBA1-4B1B-83C9-2DD78C656275}"
EndProject
Project("{FAE04EC0-301F-11D3-BF4B-00C04F79EFBC}") = "matterai.AudioConverter", "matterai.AudioConverter\matterai.AudioConverter.csproj", "{C2A5DF2C-7E88-4F32-AD1C-DD35D1B85F79}"
EndProject
Global
	GlobalSection(SolutionConfigurationPlatforms) = preSolution
		Debug|Any CPU = Debug|Any CPU
		Release|Any CPU = Release|Any CPU
	EndGlobalSection
	GlobalSection(ProjectConfigurationPlatforms) = postSolution
		{00512351-DBA1-4B1B-83C9-2DD78C656275}.Debug|Any CPU.ActiveCfg = Debug|Any CPU
		{00512351-DBA1-4B1B-83C9-2DD78C656275}.Debug|Any CPU.Build.0 = Debug|Any CPU
		{00512351-DBA1-4B1B-83C9-2DD78C656275}.Release|Any CPU.ActiveCfg = Release|Any CPU
		{00512351-DBA1-4B1B-83C9-2DD78C656275}.Release|Any CPU.Build.0 = Release|Any CPU
		{C2A5DF2C-7E88-4F32-AD1C-DD35D1B85F79}.Debug|Any CPU.ActiveCfg = Debug|Any CPU
		{C2A5DF2C-7E88-4F32-AD1C-DD35D1B85F79}.Debug|Any CPU.Build.0 = Debug|Any CPU
		{C2A5DF2C-7E88-4F32-AD1C-DD35D1B85F79}.Release|Any CPU.ActiveCfg = Release|Any CPU
		{C2A5DF2C-7E88-4F32-AD1C-DD35D1B85F79}.Release|Any CPU.Build.0 = Release|Any CPU
	EndGlobalSection
EndGlobal
